
Microsoft Visual Studio Solution File, Format Version 12.00
# Visual Studio Version 17
VisualStudioVersion = 17.6.33815.320
MinimumVisualStudioVersion = 10.0.40219.1
Project("{FAE04EC0-301F-11D3-BF4B-00C04F79EFBC}") = "ITCareerSystem(Test1)", "ITCareerSystem(Test1)\ITCareerSystem(Test1).csproj", "{0CE92F43-A75A-4FB0-A5C0-CACD4659ACFB}"
EndProject
Global
	GlobalSection(SolutionConfigurationPlatforms) = preSolution
		Debug|Any CPU = Debug|Any CPU
		Release|Any CPU = Release|Any CPU
	EndGlobalSection
	GlobalSection(ProjectConfigurationPlatforms) = postSolution
		{0CE92F43-A75A-4FB0-A5C0-CACD4659ACFB}.Debug|Any CPU.ActiveCfg = Debug|Any CPU
		{0CE92F43-A75A-4FB0-A5C0-CACD4659ACFB}.Debug|Any CPU.Build.0 = Debug|Any CPU
		{0CE92F43-A75A-4FB0-A5C0-CACD4659ACFB}.Release|Any CPU.ActiveCfg = Release|Any CPU
		{0CE92F43-A75A-4FB0-A5C0-CACD4659ACFB}.Release|Any CPU.Build.0 = Release|Any CPU
	EndGlobalSection
	GlobalSection(SolutionProperties) = preSolution
		HideSolutionNode = FALSE
	EndGlobalSection
	GlobalSection(ExtensibilityGlobals) = postSolution
		SolutionGuid = {C7A76C1B-E17D-4D9D-B451-B33CE6C59C51}
	EndGlobalSection
EndGlobal
