
Microsoft Visual Studio Solution File, Format Version 12.00
# Visual Studio Version 17
VisualStudioVersion = 17.6.33829.357
MinimumVisualStudioVersion = 10.0.40219.1
Project("{FAE04EC0-301F-11D3-BF4B-00C04F79EFBC}") = "ItCareerSystem", "ItCareerSystem\ItCareerSystem.csproj", "{2BA77E29-EFE1-45EA-BE9D-854EF10E92DD}"
EndProject
Global
	GlobalSection(SolutionConfigurationPlatforms) = preSolution
		Debug|Any CPU = Debug|Any CPU
		Release|Any CPU = Release|Any CPU
	EndGlobalSection
	GlobalSection(ProjectConfigurationPlatforms) = postSolution
		{2BA77E29-EFE1-45EA-BE9D-854EF10E92DD}.Debug|Any CPU.ActiveCfg = Debug|Any CPU
		{2BA77E29-EFE1-45EA-BE9D-854EF10E92DD}.Debug|Any CPU.Build.0 = Debug|Any CPU
		{2BA77E29-EFE1-45EA-BE9D-854EF10E92DD}.Release|Any CPU.ActiveCfg = Release|Any CPU
		{2BA77E29-EFE1-45EA-BE9D-854EF10E92DD}.Release|Any CPU.Build.0 = Release|Any CPU
	EndGlobalSection
	GlobalSection(SolutionProperties) = preSolution
		HideSolutionNode = FALSE
	EndGlobalSection
	GlobalSection(ExtensibilityGlobals) = postSolution
		SolutionGuid = {4FEB4983-6DD2-4336-91C6-14633C1E0638}
	EndGlobalSection
EndGlobal
